
Microsoft Visual Studio Solution File, Format Version 12.00
# Visual Studio Version 17
VisualStudioVersion = 17.13.35931.197 d17.13
MinimumVisualStudioVersion = 10.0.40219.1
Project("{FAE04EC0-301F-11D3-BF4B-00C04F79EFBC}") = "SwitchBetweenNumbers", "SwitchBetweenNumbers\SwitchBetweenNumbers.csproj", "{F836264F-CEBD-4BB6-9052-919B6A5371A9}"
EndProject
Global
	GlobalSection(SolutionConfigurationPlatforms) = preSolution
		Debug|Any CPU = Debug|Any CPU
		Release|Any CPU = Release|Any CPU
	EndGlobalSection
	GlobalSection(ProjectConfigurationPlatforms) = postSolution
		{F836264F-CEBD-4BB6-9052-919B6A5371A9}.Debug|Any CPU.ActiveCfg = Debug|Any CPU
		{F836264F-CEBD-4BB6-9052-919B6A5371A9}.Debug|Any CPU.Build.0 = Debug|Any CPU
		{F836264F-CEBD-4BB6-9052-919B6A5371A9}.Release|Any CPU.ActiveCfg = Release|Any CPU
		{F836264F-CEBD-4BB6-9052-919B6A5371A9}.Release|Any CPU.Build.0 = Release|Any CPU
	EndGlobalSection
	GlobalSection(SolutionProperties) = preSolution
		HideSolutionNode = FALSE
	EndGlobalSection
	GlobalSection(ExtensibilityGlobals) = postSolution
		SolutionGuid = {66AA421F-00A3-4101-85BC-BD00E5B182C5}
	EndGlobalSection
EndGlobal
