
Microsoft Visual Studio Solution File, Format Version 12.00
# Visual Studio Version 17
VisualStudioVersion = 17.13.35931.197 d17.13
MinimumVisualStudioVersion = 10.0.40219.1
Project("{FAE04EC0-301F-11D3-BF4B-00C04F79EFBC}") = "ForLoopHello", "ForLoopHello\ForLoopHello.csproj", "{7E84ED38-BA3C-4695-9903-D516CDF6CDEA}"
EndProject
Global
	GlobalSection(SolutionConfigurationPlatforms) = preSolution
		Debug|Any CPU = Debug|Any CPU
		Release|Any CPU = Release|Any CPU
	EndGlobalSection
	GlobalSection(ProjectConfigurationPlatforms) = postSolution
		{7E84ED38-BA3C-4695-9903-D516CDF6CDEA}.Debug|Any CPU.ActiveCfg = Debug|Any CPU
		{7E84ED38-BA3C-4695-9903-D516CDF6CDEA}.Debug|Any CPU.Build.0 = Debug|Any CPU
		{7E84ED38-BA3C-4695-9903-D516CDF6CDEA}.Release|Any CPU.ActiveCfg = Release|Any CPU
		{7E84ED38-BA3C-4695-9903-D516CDF6CDEA}.Release|Any CPU.Build.0 = Release|Any CPU
	EndGlobalSection
	GlobalSection(SolutionProperties) = preSolution
		HideSolutionNode = FALSE
	EndGlobalSection
	GlobalSection(ExtensibilityGlobals) = postSolution
		SolutionGuid = {1BC596AD-8858-414B-84BF-82237A106C78}
	EndGlobalSection
EndGlobal
