
Microsoft Visual Studio Solution File, Format Version 12.00
# Visual Studio Version 17
VisualStudioVersion = 17.13.35931.197 d17.13
MinimumVisualStudioVersion = 10.0.40219.1
Project("{FAE04EC0-301F-11D3-BF4B-00C04F79EFBC}") = "AnimalLenght", "AnimalLenght\AnimalLenght.csproj", "{C6D53D01-E769-4707-968B-38049A4723FE}"
EndProject
Global
	GlobalSection(SolutionConfigurationPlatforms) = preSolution
		Debug|Any CPU = Debug|Any CPU
		Release|Any CPU = Release|Any CPU
	EndGlobalSection
	GlobalSection(ProjectConfigurationPlatforms) = postSolution
		{C6D53D01-E769-4707-968B-38049A4723FE}.Debug|Any CPU.ActiveCfg = Debug|Any CPU
		{C6D53D01-E769-4707-968B-38049A4723FE}.Debug|Any CPU.Build.0 = Debug|Any CPU
		{C6D53D01-E769-4707-968B-38049A4723FE}.Release|Any CPU.ActiveCfg = Release|Any CPU
		{C6D53D01-E769-4707-968B-38049A4723FE}.Release|Any CPU.Build.0 = Release|Any CPU
	EndGlobalSection
	GlobalSection(SolutionProperties) = preSolution
		HideSolutionNode = FALSE
	EndGlobalSection
	GlobalSection(ExtensibilityGlobals) = postSolution
		SolutionGuid = {D40E474E-DE83-41BA-95EC-26E811A45348}
	EndGlobalSection
EndGlobal
