
Microsoft Visual Studio Solution File, Format Version 12.00
# Visual Studio Version 17
VisualStudioVersion = 17.13.35931.197 d17.13
MinimumVisualStudioVersion = 10.0.40219.1
Project("{FAE04EC0-301F-11D3-BF4B-00C04F79EFBC}") = "RectangleFor", "RectangleFor\RectangleFor.csproj", "{B3CD1439-EC07-47B2-9DCF-5B8653F72461}"
EndProject
Global
	GlobalSection(SolutionConfigurationPlatforms) = preSolution
		Debug|Any CPU = Debug|Any CPU
		Release|Any CPU = Release|Any CPU
	EndGlobalSection
	GlobalSection(ProjectConfigurationPlatforms) = postSolution
		{B3CD1439-EC07-47B2-9DCF-5B8653F72461}.Debug|Any CPU.ActiveCfg = Debug|Any CPU
		{B3CD1439-EC07-47B2-9DCF-5B8653F72461}.Debug|Any CPU.Build.0 = Debug|Any CPU
		{B3CD1439-EC07-47B2-9DCF-5B8653F72461}.Release|Any CPU.ActiveCfg = Release|Any CPU
		{B3CD1439-EC07-47B2-9DCF-5B8653F72461}.Release|Any CPU.Build.0 = Release|Any CPU
	EndGlobalSection
	GlobalSection(SolutionProperties) = preSolution
		HideSolutionNode = FALSE
	EndGlobalSection
	GlobalSection(ExtensibilityGlobals) = postSolution
		SolutionGuid = {E5EF36AA-1DD8-4F25-B187-F093CE00022E}
	EndGlobalSection
EndGlobal
