
Microsoft Visual Studio Solution File, Format Version 12.00
# Visual Studio Version 17
VisualStudioVersion = 17.13.35931.197 d17.13
MinimumVisualStudioVersion = 10.0.40219.1
Project("{FAE04EC0-301F-11D3-BF4B-00C04F79EFBC}") = "forCircle", "forCircle\forCircle.csproj", "{79590C08-502E-4B74-8A0F-EC7222588048}"
EndProject
Global
	GlobalSection(SolutionConfigurationPlatforms) = preSolution
		Debug|Any CPU = Debug|Any CPU
		Release|Any CPU = Release|Any CPU
	EndGlobalSection
	GlobalSection(ProjectConfigurationPlatforms) = postSolution
		{79590C08-502E-4B74-8A0F-EC7222588048}.Debug|Any CPU.ActiveCfg = Debug|Any CPU
		{79590C08-502E-4B74-8A0F-EC7222588048}.Debug|Any CPU.Build.0 = Debug|Any CPU
		{79590C08-502E-4B74-8A0F-EC7222588048}.Release|Any CPU.ActiveCfg = Release|Any CPU
		{79590C08-502E-4B74-8A0F-EC7222588048}.Release|Any CPU.Build.0 = Release|Any CPU
	EndGlobalSection
	GlobalSection(SolutionProperties) = preSolution
		HideSolutionNode = FALSE
	EndGlobalSection
	GlobalSection(ExtensibilityGlobals) = postSolution
		SolutionGuid = {3CADCCF9-7F94-42FD-8C58-6E4411136345}
	EndGlobalSection
EndGlobal
