
Microsoft Visual Studio Solution File, Format Version 12.00
# Visual Studio Version 17
VisualStudioVersion = 17.14.36414.22 d17.14
MinimumVisualStudioVersion = 10.0.40219.1
Project("{FAE04EC0-301F-11D3-BF4B-00C04F79EFBC}") = "FootNumberIfAndElse2", "FootNumberIfAndElse2\FootNumberIfAndElse2.csproj", "{66E1E0C9-97AF-482D-87EF-FAABBE7A749E}"
EndProject
Global
	GlobalSection(SolutionConfigurationPlatforms) = preSolution
		Debug|Any CPU = Debug|Any CPU
		Release|Any CPU = Release|Any CPU
	EndGlobalSection
	GlobalSection(ProjectConfigurationPlatforms) = postSolution
		{66E1E0C9-97AF-482D-87EF-FAABBE7A749E}.Debug|Any CPU.ActiveCfg = Debug|Any CPU
		{66E1E0C9-97AF-482D-87EF-FAABBE7A749E}.Debug|Any CPU.Build.0 = Debug|Any CPU
		{66E1E0C9-97AF-482D-87EF-FAABBE7A749E}.Release|Any CPU.ActiveCfg = Release|Any CPU
		{66E1E0C9-97AF-482D-87EF-FAABBE7A749E}.Release|Any CPU.Build.0 = Release|Any CPU
	EndGlobalSection
	GlobalSection(SolutionProperties) = preSolution
		HideSolutionNode = FALSE
	EndGlobalSection
	GlobalSection(ExtensibilityGlobals) = postSolution
		SolutionGuid = {15DE36BF-942B-4510-8601-73C6672B0A26}
	EndGlobalSection
EndGlobal
