
Microsoft Visual Studio Solution File, Format Version 12.00
# Visual Studio Version 17
VisualStudioVersion = 17.13.35828.75 d17.13
MinimumVisualStudioVersion = 10.0.40219.1
Project("{FAE04EC0-301F-11D3-BF4B-00C04F79EFBC}") = "SwitchMethodCall", "SwitchMethodCall\SwitchMethodCall.csproj", "{15BB8785-67EC-43EA-882E-6D6F07EBE15E}"
EndProject
Global
	GlobalSection(SolutionConfigurationPlatforms) = preSolution
		Debug|Any CPU = Debug|Any CPU
		Release|Any CPU = Release|Any CPU
	EndGlobalSection
	GlobalSection(ProjectConfigurationPlatforms) = postSolution
		{15BB8785-67EC-43EA-882E-6D6F07EBE15E}.Debug|Any CPU.ActiveCfg = Debug|Any CPU
		{15BB8785-67EC-43EA-882E-6D6F07EBE15E}.Debug|Any CPU.Build.0 = Debug|Any CPU
		{15BB8785-67EC-43EA-882E-6D6F07EBE15E}.Release|Any CPU.ActiveCfg = Release|Any CPU
		{15BB8785-67EC-43EA-882E-6D6F07EBE15E}.Release|Any CPU.Build.0 = Release|Any CPU
	EndGlobalSection
	GlobalSection(SolutionProperties) = preSolution
		HideSolutionNode = FALSE
	EndGlobalSection
	GlobalSection(ExtensibilityGlobals) = postSolution
		SolutionGuid = {67AF0FAC-F72F-4D30-AADB-3DB0E65B50D5}
	EndGlobalSection
EndGlobal
