
Microsoft Visual Studio Solution File, Format Version 12.00
# Visual Studio Version 17
VisualStudioVersion = 17.14.36414.22 d17.14
MinimumVisualStudioVersion = 10.0.40219.1
Project("{FAE04EC0-301F-11D3-BF4B-00C04F79EFBC}") = "IfAndElseFlowchart", "IfAndElseFlowchart\IfAndElseFlowchart.csproj", "{69FB18F6-5D2D-43F1-9D4A-7EDF197F4040}"
EndProject
Global
	GlobalSection(SolutionConfigurationPlatforms) = preSolution
		Debug|Any CPU = Debug|Any CPU
		Release|Any CPU = Release|Any CPU
	EndGlobalSection
	GlobalSection(ProjectConfigurationPlatforms) = postSolution
		{69FB18F6-5D2D-43F1-9D4A-7EDF197F4040}.Debug|Any CPU.ActiveCfg = Debug|Any CPU
		{69FB18F6-5D2D-43F1-9D4A-7EDF197F4040}.Debug|Any CPU.Build.0 = Debug|Any CPU
		{69FB18F6-5D2D-43F1-9D4A-7EDF197F4040}.Release|Any CPU.ActiveCfg = Release|Any CPU
		{69FB18F6-5D2D-43F1-9D4A-7EDF197F4040}.Release|Any CPU.Build.0 = Release|Any CPU
	EndGlobalSection
	GlobalSection(SolutionProperties) = preSolution
		HideSolutionNode = FALSE
	EndGlobalSection
	GlobalSection(ExtensibilityGlobals) = postSolution
		SolutionGuid = {DDCC95A7-2FD4-4656-82C2-20BD9AA2ADD3}
	EndGlobalSection
EndGlobal
