
Microsoft Visual Studio Solution File, Format Version 12.00
# Visual Studio Version 17
VisualStudioVersion = 17.14.36414.22 d17.14
MinimumVisualStudioVersion = 10.0.40219.1
Project("{FAE04EC0-301F-11D3-BF4B-00C04F79EFBC}") = "Datatypes", "Datatypes\Datatypes.csproj", "{58BA82BC-D072-4B43-AA20-B17DEEF71094}"
EndProject
Global
	GlobalSection(SolutionConfigurationPlatforms) = preSolution
		Debug|Any CPU = Debug|Any CPU
		Release|Any CPU = Release|Any CPU
	EndGlobalSection
	GlobalSection(ProjectConfigurationPlatforms) = postSolution
		{58BA82BC-D072-4B43-AA20-B17DEEF71094}.Debug|Any CPU.ActiveCfg = Debug|Any CPU
		{58BA82BC-D072-4B43-AA20-B17DEEF71094}.Debug|Any CPU.Build.0 = Debug|Any CPU
		{58BA82BC-D072-4B43-AA20-B17DEEF71094}.Release|Any CPU.ActiveCfg = Release|Any CPU
		{58BA82BC-D072-4B43-AA20-B17DEEF71094}.Release|Any CPU.Build.0 = Release|Any CPU
	EndGlobalSection
	GlobalSection(SolutionProperties) = preSolution
		HideSolutionNode = FALSE
	EndGlobalSection
	GlobalSection(ExtensibilityGlobals) = postSolution
		SolutionGuid = {C19D5437-B3D7-446A-B774-A4AF542B248D}
	EndGlobalSection
EndGlobal
