
Microsoft Visual Studio Solution File, Format Version 12.00
# Visual Studio Version 17
VisualStudioVersion = 17.13.35931.197 d17.13
MinimumVisualStudioVersion = 10.0.40219.1
Project("{FAE04EC0-301F-11D3-BF4B-00C04F79EFBC}") = "FileWordReader", "FileWordReader\FileWordReader.csproj", "{3BC2C2B3-1709-495B-B1B4-D5D978D8028C}"
EndProject
Global
	GlobalSection(SolutionConfigurationPlatforms) = preSolution
		Debug|Any CPU = Debug|Any CPU
		Release|Any CPU = Release|Any CPU
	EndGlobalSection
	GlobalSection(ProjectConfigurationPlatforms) = postSolution
		{3BC2C2B3-1709-495B-B1B4-D5D978D8028C}.Debug|Any CPU.ActiveCfg = Debug|Any CPU
		{3BC2C2B3-1709-495B-B1B4-D5D978D8028C}.Debug|Any CPU.Build.0 = Debug|Any CPU
		{3BC2C2B3-1709-495B-B1B4-D5D978D8028C}.Release|Any CPU.ActiveCfg = Release|Any CPU
		{3BC2C2B3-1709-495B-B1B4-D5D978D8028C}.Release|Any CPU.Build.0 = Release|Any CPU
	EndGlobalSection
	GlobalSection(SolutionProperties) = preSolution
		HideSolutionNode = FALSE
	EndGlobalSection
	GlobalSection(ExtensibilityGlobals) = postSolution
		SolutionGuid = {F28BE4F3-CD0E-48C7-BA6D-80CFA5668A70}
	EndGlobalSection
EndGlobal
