
Microsoft Visual Studio Solution File, Format Version 12.00
# Visual Studio Version 17
VisualStudioVersion = 17.13.35931.197 d17.13
MinimumVisualStudioVersion = 10.0.40219.1
Project("{FAE04EC0-301F-11D3-BF4B-00C04F79EFBC}") = "ArrayString", "ArrayString\ArrayString.csproj", "{70710B3D-689F-40BC-956E-08453239F293}"
EndProject
Global
	GlobalSection(SolutionConfigurationPlatforms) = preSolution
		Debug|Any CPU = Debug|Any CPU
		Release|Any CPU = Release|Any CPU
	EndGlobalSection
	GlobalSection(ProjectConfigurationPlatforms) = postSolution
		{70710B3D-689F-40BC-956E-08453239F293}.Debug|Any CPU.ActiveCfg = Debug|Any CPU
		{70710B3D-689F-40BC-956E-08453239F293}.Debug|Any CPU.Build.0 = Debug|Any CPU
		{70710B3D-689F-40BC-956E-08453239F293}.Release|Any CPU.ActiveCfg = Release|Any CPU
		{70710B3D-689F-40BC-956E-08453239F293}.Release|Any CPU.Build.0 = Release|Any CPU
	EndGlobalSection
	GlobalSection(SolutionProperties) = preSolution
		HideSolutionNode = FALSE
	EndGlobalSection
	GlobalSection(ExtensibilityGlobals) = postSolution
		SolutionGuid = {6E84907E-A25E-4B2F-8AD1-EB9E4FE8C8F9}
	EndGlobalSection
EndGlobal
