
Microsoft Visual Studio Solution File, Format Version 12.00
# Visual Studio Version 17
VisualStudioVersion = 17.14.36414.22 d17.14
MinimumVisualStudioVersion = 10.0.40219.1
Project("{FAE04EC0-301F-11D3-BF4B-00C04F79EFBC}") = "IfAndElseNumbers", "IfAndElseNumbers\IfAndElseNumbers.csproj", "{FF55A3B6-9A75-4696-88AC-4A5D68785015}"
EndProject
Global
	GlobalSection(SolutionConfigurationPlatforms) = preSolution
		Debug|Any CPU = Debug|Any CPU
		Release|Any CPU = Release|Any CPU
	EndGlobalSection
	GlobalSection(ProjectConfigurationPlatforms) = postSolution
		{FF55A3B6-9A75-4696-88AC-4A5D68785015}.Debug|Any CPU.ActiveCfg = Debug|Any CPU
		{FF55A3B6-9A75-4696-88AC-4A5D68785015}.Debug|Any CPU.Build.0 = Debug|Any CPU
		{FF55A3B6-9A75-4696-88AC-4A5D68785015}.Release|Any CPU.ActiveCfg = Release|Any CPU
		{FF55A3B6-9A75-4696-88AC-4A5D68785015}.Release|Any CPU.Build.0 = Release|Any CPU
	EndGlobalSection
	GlobalSection(SolutionProperties) = preSolution
		HideSolutionNode = FALSE
	EndGlobalSection
	GlobalSection(ExtensibilityGlobals) = postSolution
		SolutionGuid = {2C9E867C-7846-4334-AEB2-3725ABBB6B52}
	EndGlobalSection
EndGlobal
