
Microsoft Visual Studio Solution File, Format Version 12.00
# Visual Studio Version 17
VisualStudioVersion = 17.13.35931.197 d17.13
MinimumVisualStudioVersion = 10.0.40219.1
Project("{FAE04EC0-301F-11D3-BF4B-00C04F79EFBC}") = "MeetodKood", "MeetodKood\MeetodKood.csproj", "{88580F77-2867-4501-B99C-F02155A6BF29}"
EndProject
Global
	GlobalSection(SolutionConfigurationPlatforms) = preSolution
		Debug|Any CPU = Debug|Any CPU
		Release|Any CPU = Release|Any CPU
	EndGlobalSection
	GlobalSection(ProjectConfigurationPlatforms) = postSolution
		{88580F77-2867-4501-B99C-F02155A6BF29}.Debug|Any CPU.ActiveCfg = Debug|Any CPU
		{88580F77-2867-4501-B99C-F02155A6BF29}.Debug|Any CPU.Build.0 = Debug|Any CPU
		{88580F77-2867-4501-B99C-F02155A6BF29}.Release|Any CPU.ActiveCfg = Release|Any CPU
		{88580F77-2867-4501-B99C-F02155A6BF29}.Release|Any CPU.Build.0 = Release|Any CPU
	EndGlobalSection
	GlobalSection(SolutionProperties) = preSolution
		HideSolutionNode = FALSE
	EndGlobalSection
	GlobalSection(ExtensibilityGlobals) = postSolution
		SolutionGuid = {FDC95012-D2D6-4FB0-902F-E70AFD6B697F}
	EndGlobalSection
EndGlobal
